
Microsoft Visual Studio Solution File, Format Version 12.00
# Visual Studio Version 16
VisualStudioVersion = 16.0.31424.327
MinimumVisualStudioVersion = 10.0.40219.1
Project("{FAE04EC0-301F-11D3-BF4B-00C04F79EFBC}") = "AutomacaoSite", "AutomacaoSite.csproj", "{2D6FD8C8-F52C-41BF-9A61-48840C22E400}"
EndProject
Global
	GlobalSection(SolutionConfigurationPlatforms) = preSolution
		Debug|Any CPU = Debug|Any CPU
		Release|Any CPU = Release|Any CPU
	EndGlobalSection
	GlobalSection(ProjectConfigurationPlatforms) = postSolution
		{2D6FD8C8-F52C-41BF-9A61-48840C22E400}.Debug|Any CPU.ActiveCfg = Debug|Any CPU
		{2D6FD8C8-F52C-41BF-9A61-48840C22E400}.Debug|Any CPU.Build.0 = Debug|Any CPU
		{2D6FD8C8-F52C-41BF-9A61-48840C22E400}.Release|Any CPU.ActiveCfg = Release|Any CPU
		{2D6FD8C8-F52C-41BF-9A61-48840C22E400}.Release|Any CPU.Build.0 = Release|Any CPU
	EndGlobalSection
	GlobalSection(SolutionProperties) = preSolution
		HideSolutionNode = FALSE
	EndGlobalSection
	GlobalSection(ExtensibilityGlobals) = postSolution
		SolutionGuid = {51A6E8EC-5DD0-4550-8190-D3469329F216}
	EndGlobalSection
EndGlobal
